
Microsoft Visual Studio Solution File, Format Version 12.00
# Visual Studio Version 17
VisualStudioVersion = 17.6.33801.468
MinimumVisualStudioVersion = 10.0.40219.1
Project("{FAE04EC0-301F-11D3-BF4B-00C04F79EFBC}") = "UserCreator", "UserCreator\UserCreator.csproj", "{765F7FD8-1AB2-4942-9783-53E18FDCF792}"
EndProject
Project("{FAE04EC0-301F-11D3-BF4B-00C04F79EFBC}") = "UserCreator.Domain", "UserCreator.Domain\UserCreator.Domain.csproj", "{A39C6508-BCB4-4D52-BFCD-2F3D7187582C}"
EndProject
Project("{FAE04EC0-301F-11D3-BF4B-00C04F79EFBC}") = "UserCreator.Infrastructure", "UserCreator.Infrastructure\UserCreator.Infrastructure.csproj", "{E2C46D77-4233-481E-A521-5B9143FE80C3}"
EndProject
Project("{FAE04EC0-301F-11D3-BF4B-00C04F79EFBC}") = "UserCreator.Application", "UserCreator.Application\UserCreator.Application.csproj", "{9C7B8605-1078-4E24-B0D9-5AE1A0F81739}"
EndProject
Global
	GlobalSection(SolutionConfigurationPlatforms) = preSolution
		Debug|Any CPU = Debug|Any CPU
		Release|Any CPU = Release|Any CPU
	EndGlobalSection
	GlobalSection(ProjectConfigurationPlatforms) = postSolution
		{765F7FD8-1AB2-4942-9783-53E18FDCF792}.Debug|Any CPU.ActiveCfg = Debug|Any CPU
		{765F7FD8-1AB2-4942-9783-53E18FDCF792}.Debug|Any CPU.Build.0 = Debug|Any CPU
		{765F7FD8-1AB2-4942-9783-53E18FDCF792}.Release|Any CPU.ActiveCfg = Release|Any CPU
		{765F7FD8-1AB2-4942-9783-53E18FDCF792}.Release|Any CPU.Build.0 = Release|Any CPU
		{A39C6508-BCB4-4D52-BFCD-2F3D7187582C}.Debug|Any CPU.ActiveCfg = Debug|Any CPU
		{A39C6508-BCB4-4D52-BFCD-2F3D7187582C}.Debug|Any CPU.Build.0 = Debug|Any CPU
		{A39C6508-BCB4-4D52-BFCD-2F3D7187582C}.Release|Any CPU.ActiveCfg = Release|Any CPU
		{A39C6508-BCB4-4D52-BFCD-2F3D7187582C}.Release|Any CPU.Build.0 = Release|Any CPU
		{E2C46D77-4233-481E-A521-5B9143FE80C3}.Debug|Any CPU.ActiveCfg = Debug|Any CPU
		{E2C46D77-4233-481E-A521-5B9143FE80C3}.Debug|Any CPU.Build.0 = Debug|Any CPU
		{E2C46D77-4233-481E-A521-5B9143FE80C3}.Release|Any CPU.ActiveCfg = Release|Any CPU
		{E2C46D77-4233-481E-A521-5B9143FE80C3}.Release|Any CPU.Build.0 = Release|Any CPU
		{9C7B8605-1078-4E24-B0D9-5AE1A0F81739}.Debug|Any CPU.ActiveCfg = Debug|Any CPU
		{9C7B8605-1078-4E24-B0D9-5AE1A0F81739}.Debug|Any CPU.Build.0 = Debug|Any CPU
		{9C7B8605-1078-4E24-B0D9-5AE1A0F81739}.Release|Any CPU.ActiveCfg = Release|Any CPU
		{9C7B8605-1078-4E24-B0D9-5AE1A0F81739}.Release|Any CPU.Build.0 = Release|Any CPU
	EndGlobalSection
	GlobalSection(SolutionProperties) = preSolution
		HideSolutionNode = FALSE
	EndGlobalSection
	GlobalSection(ExtensibilityGlobals) = postSolution
		SolutionGuid = {8DB83BA9-672D-4519-A2CE-A74A1000C6A6}
	EndGlobalSection
EndGlobal
